
Microsoft Visual Studio Solution File, Format Version 12.00
# Visual Studio Version 16
VisualStudioVersion = 16.0.29926.136
MinimumVisualStudioVersion = 10.0.40219.1
Project("{9A19103F-16F7-4668-BE54-9A1E7A4F7556}") = "Lorem_Ipsum", "..\Lorem_Ipsum\Lorem_Ipsum.csproj", "{739BAC1D-2A39-4B97-9780-725CDC2E1ED1}"
EndProject
Project("{9A19103F-16F7-4668-BE54-9A1E7A4F7556}") = "Menu", "..\Menu\Menu.csproj", "{CD3ACE01-5B7F-4A91-A718-BC90CFBC5915}"
EndProject
Project("{9A19103F-16F7-4668-BE54-9A1E7A4F7556}") = "Bucles_Divisiones", "..\Bucles_Divisiones\Bucles_Divisiones.csproj", "{36344B11-CA18-44FF-936C-EE1BB16E9EF1}"
EndProject
Project("{9A19103F-16F7-4668-BE54-9A1E7A4F7556}") = "COVID_Calculos", "..\COVID_Calculos\COVID_Calculos.csproj", "{28446D6B-4086-4D5A-B244-3770A7523D29}"
EndProject
Project("{9A19103F-16F7-4668-BE54-9A1E7A4F7556}") = "Objeto_Persona", "..\Objeto_Persona\Objeto_Persona.csproj", "{6957B3CB-C455-4394-B8B8-ECA1BC19B22B}"
EndProject
Project("{9A19103F-16F7-4668-BE54-9A1E7A4F7556}") = "Notes", "..\Notes\Notes.csproj", "{40093CED-BCA5-4818-A18B-91F14CA3B16A}"
EndProject
Project("{9A19103F-16F7-4668-BE54-9A1E7A4F7556}") = "Objeto_Hotels", "..\Objeto_Hotels\Objeto_Hotels.csproj", "{2214F3F5-53B6-455C-AF32-A6131A0C7409}"
EndProject
Project("{9A19103F-16F7-4668-BE54-9A1E7A4F7556}") = "Ejercicios_consola", "..\Ejercicios_Consola\Ejercicios_consola.csproj", "{38DB5825-0D2C-498E-A3BA-97DC7BF0E699}"
EndProject
Project("{9A19103F-16F7-4668-BE54-9A1E7A4F7556}") = "Menu_Listas", "..\Menu_Listas\Menu_Listas.csproj", "{ED2CF10E-B1EB-47D9-B306-D391BA961DE9}"
EndProject
Project("{9A19103F-16F7-4668-BE54-9A1E7A4F7556}") = "AllPrograms", "AllPrograms.csproj", "{2151D05D-6403-48DB-A44E-71BC5FBA91E8}"
EndProject
Project("{9A19103F-16F7-4668-BE54-9A1E7A4F7556}") = "Objeto_Agenda", "..\Objeto_Agenda\Objeto_Agenda.csproj", "{2F4A9775-2259-4C8D-BBE1-A51E23A14805}"
EndProject
Project("{9A19103F-16F7-4668-BE54-9A1E7A4F7556}") = "HangMan", "..\HangMan\HangMan.csproj", "{E431489D-A72C-42FB-A018-B41BB020230E}"
EndProject
Project("{9A19103F-16F7-4668-BE54-9A1E7A4F7556}") = "Universe", "..\Planets\Universe.csproj", "{4D606638-DEA0-48C9-BA5E-2C07815449F9}"
EndProject
Project("{9A19103F-16F7-4668-BE54-9A1E7A4F7556}") = "COVID19", "..\COVID19\COVID19.csproj", "{C73798A0-F262-4ACA-BECE-798E95EA8F8C}"
EndProject
Project("{FAE04EC0-301F-11D3-BF4B-00C04F79EFBC}") = "FormCovid", "..\FormCovid\FormCovid.csproj", "{78A373E7-BD6D-45CB-A1BA-D7F428349D04}"
EndProject
Global
	GlobalSection(SolutionConfigurationPlatforms) = preSolution
		Debug|Any CPU = Debug|Any CPU
		Release|Any CPU = Release|Any CPU
	EndGlobalSection
	GlobalSection(ProjectConfigurationPlatforms) = postSolution
		{739BAC1D-2A39-4B97-9780-725CDC2E1ED1}.Debug|Any CPU.ActiveCfg = Debug|Any CPU
		{739BAC1D-2A39-4B97-9780-725CDC2E1ED1}.Debug|Any CPU.Build.0 = Debug|Any CPU
		{739BAC1D-2A39-4B97-9780-725CDC2E1ED1}.Release|Any CPU.ActiveCfg = Release|Any CPU
		{739BAC1D-2A39-4B97-9780-725CDC2E1ED1}.Release|Any CPU.Build.0 = Release|Any CPU
		{CD3ACE01-5B7F-4A91-A718-BC90CFBC5915}.Debug|Any CPU.ActiveCfg = Debug|Any CPU
		{CD3ACE01-5B7F-4A91-A718-BC90CFBC5915}.Debug|Any CPU.Build.0 = Debug|Any CPU
		{CD3ACE01-5B7F-4A91-A718-BC90CFBC5915}.Release|Any CPU.ActiveCfg = Release|Any CPU
		{CD3ACE01-5B7F-4A91-A718-BC90CFBC5915}.Release|Any CPU.Build.0 = Release|Any CPU
		{36344B11-CA18-44FF-936C-EE1BB16E9EF1}.Debug|Any CPU.ActiveCfg = Debug|Any CPU
		{36344B11-CA18-44FF-936C-EE1BB16E9EF1}.Debug|Any CPU.Build.0 = Debug|Any CPU
		{36344B11-CA18-44FF-936C-EE1BB16E9EF1}.Release|Any CPU.ActiveCfg = Release|Any CPU
		{36344B11-CA18-44FF-936C-EE1BB16E9EF1}.Release|Any CPU.Build.0 = Release|Any CPU
		{28446D6B-4086-4D5A-B244-3770A7523D29}.Debug|Any CPU.ActiveCfg = Debug|Any CPU
		{28446D6B-4086-4D5A-B244-3770A7523D29}.Debug|Any CPU.Build.0 = Debug|Any CPU
		{28446D6B-4086-4D5A-B244-3770A7523D29}.Release|Any CPU.ActiveCfg = Release|Any CPU
		{28446D6B-4086-4D5A-B244-3770A7523D29}.Release|Any CPU.Build.0 = Release|Any CPU
		{6957B3CB-C455-4394-B8B8-ECA1BC19B22B}.Debug|Any CPU.ActiveCfg = Debug|Any CPU
		{6957B3CB-C455-4394-B8B8-ECA1BC19B22B}.Debug|Any CPU.Build.0 = Debug|Any CPU
		{6957B3CB-C455-4394-B8B8-ECA1BC19B22B}.Release|Any CPU.ActiveCfg = Release|Any CPU
		{6957B3CB-C455-4394-B8B8-ECA1BC19B22B}.Release|Any CPU.Build.0 = Release|Any CPU
		{40093CED-BCA5-4818-A18B-91F14CA3B16A}.Debug|Any CPU.ActiveCfg = Debug|Any CPU
		{40093CED-BCA5-4818-A18B-91F14CA3B16A}.Debug|Any CPU.Build.0 = Debug|Any CPU
		{40093CED-BCA5-4818-A18B-91F14CA3B16A}.Release|Any CPU.ActiveCfg = Release|Any CPU
		{40093CED-BCA5-4818-A18B-91F14CA3B16A}.Release|Any CPU.Build.0 = Release|Any CPU
		{2214F3F5-53B6-455C-AF32-A6131A0C7409}.Debug|Any CPU.ActiveCfg = Debug|Any CPU
		{2214F3F5-53B6-455C-AF32-A6131A0C7409}.Debug|Any CPU.Build.0 = Debug|Any CPU
		{2214F3F5-53B6-455C-AF32-A6131A0C7409}.Release|Any CPU.ActiveCfg = Release|Any CPU
		{2214F3F5-53B6-455C-AF32-A6131A0C7409}.Release|Any CPU.Build.0 = Release|Any CPU
		{38DB5825-0D2C-498E-A3BA-97DC7BF0E699}.Debug|Any CPU.ActiveCfg = Debug|Any CPU
		{38DB5825-0D2C-498E-A3BA-97DC7BF0E699}.Debug|Any CPU.Build.0 = Debug|Any CPU
		{38DB5825-0D2C-498E-A3BA-97DC7BF0E699}.Release|Any CPU.ActiveCfg = Release|Any CPU
		{38DB5825-0D2C-498E-A3BA-97DC7BF0E699}.Release|Any CPU.Build.0 = Release|Any CPU
		{ED2CF10E-B1EB-47D9-B306-D391BA961DE9}.Debug|Any CPU.ActiveCfg = Debug|Any CPU
		{ED2CF10E-B1EB-47D9-B306-D391BA961DE9}.Debug|Any CPU.Build.0 = Debug|Any CPU
		{ED2CF10E-B1EB-47D9-B306-D391BA961DE9}.Release|Any CPU.ActiveCfg = Release|Any CPU
		{ED2CF10E-B1EB-47D9-B306-D391BA961DE9}.Release|Any CPU.Build.0 = Release|Any CPU
		{2151D05D-6403-48DB-A44E-71BC5FBA91E8}.Debug|Any CPU.ActiveCfg = Debug|Any CPU
		{2151D05D-6403-48DB-A44E-71BC5FBA91E8}.Debug|Any CPU.Build.0 = Debug|Any CPU
		{2151D05D-6403-48DB-A44E-71BC5FBA91E8}.Release|Any CPU.ActiveCfg = Release|Any CPU
		{2151D05D-6403-48DB-A44E-71BC5FBA91E8}.Release|Any CPU.Build.0 = Release|Any CPU
		{2F4A9775-2259-4C8D-BBE1-A51E23A14805}.Debug|Any CPU.ActiveCfg = Debug|Any CPU
		{2F4A9775-2259-4C8D-BBE1-A51E23A14805}.Debug|Any CPU.Build.0 = Debug|Any CPU
		{2F4A9775-2259-4C8D-BBE1-A51E23A14805}.Release|Any CPU.ActiveCfg = Release|Any CPU
		{2F4A9775-2259-4C8D-BBE1-A51E23A14805}.Release|Any CPU.Build.0 = Release|Any CPU
		{E431489D-A72C-42FB-A018-B41BB020230E}.Debug|Any CPU.ActiveCfg = Debug|Any CPU
		{E431489D-A72C-42FB-A018-B41BB020230E}.Debug|Any CPU.Build.0 = Debug|Any CPU
		{E431489D-A72C-42FB-A018-B41BB020230E}.Release|Any CPU.ActiveCfg = Release|Any CPU
		{E431489D-A72C-42FB-A018-B41BB020230E}.Release|Any CPU.Build.0 = Release|Any CPU
		{4D606638-DEA0-48C9-BA5E-2C07815449F9}.Debug|Any CPU.ActiveCfg = Debug|Any CPU
		{4D606638-DEA0-48C9-BA5E-2C07815449F9}.Debug|Any CPU.Build.0 = Debug|Any CPU
		{4D606638-DEA0-48C9-BA5E-2C07815449F9}.Release|Any CPU.ActiveCfg = Release|Any CPU
		{4D606638-DEA0-48C9-BA5E-2C07815449F9}.Release|Any CPU.Build.0 = Release|Any CPU
		{C73798A0-F262-4ACA-BECE-798E95EA8F8C}.Debug|Any CPU.ActiveCfg = Debug|Any CPU
		{C73798A0-F262-4ACA-BECE-798E95EA8F8C}.Debug|Any CPU.Build.0 = Debug|Any CPU
		{C73798A0-F262-4ACA-BECE-798E95EA8F8C}.Release|Any CPU.ActiveCfg = Release|Any CPU
		{C73798A0-F262-4ACA-BECE-798E95EA8F8C}.Release|Any CPU.Build.0 = Release|Any CPU
		{78A373E7-BD6D-45CB-A1BA-D7F428349D04}.Debug|Any CPU.ActiveCfg = Debug|Any CPU
		{78A373E7-BD6D-45CB-A1BA-D7F428349D04}.Debug|Any CPU.Build.0 = Debug|Any CPU
		{78A373E7-BD6D-45CB-A1BA-D7F428349D04}.Release|Any CPU.ActiveCfg = Release|Any CPU
		{78A373E7-BD6D-45CB-A1BA-D7F428349D04}.Release|Any CPU.Build.0 = Release|Any CPU
	EndGlobalSection
	GlobalSection(SolutionProperties) = preSolution
		HideSolutionNode = FALSE
	EndGlobalSection
	GlobalSection(ExtensibilityGlobals) = postSolution
		SolutionGuid = {C07CB0B9-488E-4612-8E22-9AD9CB79D11A}
	EndGlobalSection
EndGlobal
